
Microsoft Visual Studio Solution File, Format Version 12.00
# Visual Studio 15
VisualStudioVersion = 15.0.28307.168
MinimumVisualStudioVersion = 10.0.40219.1
Project("{FAE04EC0-301F-11D3-BF4B-00C04F79EFBC}") = "C-sharp_p92", "C-sharp_p92\C-sharp_p92.csproj", "{45D06DEA-9249-42E0-84C0-13BF76D95FBF}"
EndProject
Global
	GlobalSection(SolutionConfigurationPlatforms) = preSolution
		Debug|Any CPU = Debug|Any CPU
		Release|Any CPU = Release|Any CPU
	EndGlobalSection
	GlobalSection(ProjectConfigurationPlatforms) = postSolution
		{45D06DEA-9249-42E0-84C0-13BF76D95FBF}.Debug|Any CPU.ActiveCfg = Debug|Any CPU
		{45D06DEA-9249-42E0-84C0-13BF76D95FBF}.Debug|Any CPU.Build.0 = Debug|Any CPU
		{45D06DEA-9249-42E0-84C0-13BF76D95FBF}.Release|Any CPU.ActiveCfg = Release|Any CPU
		{45D06DEA-9249-42E0-84C0-13BF76D95FBF}.Release|Any CPU.Build.0 = Release|Any CPU
	EndGlobalSection
	GlobalSection(SolutionProperties) = preSolution
		HideSolutionNode = FALSE
	EndGlobalSection
	GlobalSection(ExtensibilityGlobals) = postSolution
		SolutionGuid = {E91EE070-B397-4A89-AF61-5964F5386A7A}
	EndGlobalSection
EndGlobal
