
Microsoft Visual Studio Solution File, Format Version 12.00
# Visual Studio 15
VisualStudioVersion = 15.0.28307.168
MinimumVisualStudioVersion = 10.0.40219.1
Project("{FAE04EC0-301F-11D3-BF4B-00C04F79EFBC}") = "Logging", "Logging\Logging.csproj", "{52264E45-1C75-493D-8C94-FB81D3A70173}"
EndProject
Global
	GlobalSection(SolutionConfigurationPlatforms) = preSolution
		Debug|Any CPU = Debug|Any CPU
		Release|Any CPU = Release|Any CPU
	EndGlobalSection
	GlobalSection(ProjectConfigurationPlatforms) = postSolution
		{52264E45-1C75-493D-8C94-FB81D3A70173}.Debug|Any CPU.ActiveCfg = Debug|Any CPU
		{52264E45-1C75-493D-8C94-FB81D3A70173}.Debug|Any CPU.Build.0 = Debug|Any CPU
		{52264E45-1C75-493D-8C94-FB81D3A70173}.Release|Any CPU.ActiveCfg = Release|Any CPU
		{52264E45-1C75-493D-8C94-FB81D3A70173}.Release|Any CPU.Build.0 = Release|Any CPU
	EndGlobalSection
	GlobalSection(SolutionProperties) = preSolution
		HideSolutionNode = FALSE
	EndGlobalSection
	GlobalSection(ExtensibilityGlobals) = postSolution
		SolutionGuid = {0F4420C0-F0A2-4107-B4D0-8E24EAEF30CE}
	EndGlobalSection
EndGlobal
