
Microsoft Visual Studio Solution File, Format Version 12.00
# Visual Studio 15
VisualStudioVersion = 15.0.28307.168
MinimumVisualStudioVersion = 10.0.40219.1
Project("{FAE04EC0-301F-11D3-BF4B-00C04F79EFBC}") = "C_sharp_p137", "C_sharp_p137\C_sharp_p137.csproj", "{BC2B7800-A706-4739-BF41-02F5E73E4FAC}"
EndProject
Global
	GlobalSection(SolutionConfigurationPlatforms) = preSolution
		Debug|Any CPU = Debug|Any CPU
		Release|Any CPU = Release|Any CPU
	EndGlobalSection
	GlobalSection(ProjectConfigurationPlatforms) = postSolution
		{BC2B7800-A706-4739-BF41-02F5E73E4FAC}.Debug|Any CPU.ActiveCfg = Debug|Any CPU
		{BC2B7800-A706-4739-BF41-02F5E73E4FAC}.Debug|Any CPU.Build.0 = Debug|Any CPU
		{BC2B7800-A706-4739-BF41-02F5E73E4FAC}.Release|Any CPU.ActiveCfg = Release|Any CPU
		{BC2B7800-A706-4739-BF41-02F5E73E4FAC}.Release|Any CPU.Build.0 = Release|Any CPU
	EndGlobalSection
	GlobalSection(SolutionProperties) = preSolution
		HideSolutionNode = FALSE
	EndGlobalSection
	GlobalSection(ExtensibilityGlobals) = postSolution
		SolutionGuid = {3CDC383D-A2E6-43ED-9EEC-7577F846485B}
	EndGlobalSection
EndGlobal
